{
  "name": "jingjiexi",
  "lockfileVersion": 3,
  "requires": true,
  "packages": {
    "": {
      "dependencies": {
        "z-paging": "^2.8.8"
      }
    },
    "node_modules/z-paging": {
      "version": "2.8.8",
      "resolved": "https://registry.npmjs.org/z-paging/-/z-paging-2.8.8.tgz",
      "integrity": "sha512-l8HWhqlv1TvoNLwbf1fd8rS0zjAoVE6tdEUhMhKrnRXkfHFULIXMbDpljcSr6IyQoMzfWxF4Nqml3+2ZDgjk7g==",
      "engines": {
        "HBuilderX": "^3.0.7",
        "uni-app": "^4.07"
      }
    }
  }
}
