{
  "name": "my_client1",
  "lockfileVersion": 3,
  "requires": true,
  "packages": {
    "": {
      "dependencies": {
        "luch-request": "^3.1.1",
        "z-paging": "^2.8.8"
      }
    },
    "node_modules/@dcloudio/types": {
      "version": "2.6.12",
      "resolved": "https://registry.npmjs.org/@dcloudio/types/-/types-2.6.12.tgz",
      "integrity": "sha512-mrCMwcINy1IFjU9VUqLeWBkj404yWs5paLDttBcA+eqUjanuUQbBcTVPqlrGgkyzLXDcV2oDDZRSNxNpXi4kMQ=="
    },
    "node_modules/luch-request": {
      "version": "3.1.1",
      "resolved": "https://registry.npmjs.org/luch-request/-/luch-request-3.1.1.tgz",
      "integrity": "sha512-p7+mlcEtgRcd0OfXC4XZbyiwSr1XgCeqNT7LlVUjnk7InYl/8d5Rk7BUqAYNA2WRafI1wRIUQWRWZRpeUwWR0w==",
      "dependencies": {
        "@dcloudio/types": "^2.0.16"
      }
    },
    "node_modules/z-paging": {
      "version": "2.8.8",
      "resolved": "https://registry.npmjs.org/z-paging/-/z-paging-2.8.8.tgz",
      "integrity": "sha512-l8HWhqlv1TvoNLwbf1fd8rS0zjAoVE6tdEUhMhKrnRXkfHFULIXMbDpljcSr6IyQoMzfWxF4Nqml3+2ZDgjk7g==",
      "engines": {
        "HBuilderX": "^3.0.7",
        "uni-app": "^4.07"
      }
    }
  }
}
